
Microsoft Visual Studio Solution File, Format Version 12.00
# Visual Studio Version 16
VisualStudioVersion = 16.0.30309.148
MinimumVisualStudioVersion = 10.0.40219.1
Project("{9A19103F-16F7-4668-BE54-9A1E7A4F7556}") = "picCommunity", "picCommunity.csproj", "{E39DC397-295A-4E24-B8B6-F9628248670A}"
EndProject
Global
	GlobalSection(SolutionConfigurationPlatforms) = preSolution
		Debug|Any CPU = Debug|Any CPU
		Release|Any CPU = Release|Any CPU
	EndGlobalSection
	GlobalSection(ProjectConfigurationPlatforms) = postSolution
		{E39DC397-295A-4E24-B8B6-F9628248670A}.Debug|Any CPU.ActiveCfg = Debug|Any CPU
		{E39DC397-295A-4E24-B8B6-F9628248670A}.Debug|Any CPU.Build.0 = Debug|Any CPU
		{E39DC397-295A-4E24-B8B6-F9628248670A}.Release|Any CPU.ActiveCfg = Release|Any CPU
		{E39DC397-295A-4E24-B8B6-F9628248670A}.Release|Any CPU.Build.0 = Release|Any CPU
	EndGlobalSection
	GlobalSection(SolutionProperties) = preSolution
		HideSolutionNode = FALSE
	EndGlobalSection
	GlobalSection(ExtensibilityGlobals) = postSolution
		SolutionGuid = {31974CF1-D8E1-4FCB-815B-68B402E9CDA2}
	EndGlobalSection
EndGlobal
