
Microsoft Visual Studio Solution File, Format Version 12.00
# Visual Studio Version 16
VisualStudioVersion = 16.0.30309.148
MinimumVisualStudioVersion = 10.0.40219.1
Project("{9A19103F-16F7-4668-BE54-9A1E7A4F7556}") = "PicCommunitity", "PicCommunitity.csproj", "{BAA85FAF-32CF-4760-8C3E-7B5A964D919A}"
EndProject
Global
	GlobalSection(SolutionConfigurationPlatforms) = preSolution
		Debug|Any CPU = Debug|Any CPU
		Release|Any CPU = Release|Any CPU
	EndGlobalSection
	GlobalSection(ProjectConfigurationPlatforms) = postSolution
		{BAA85FAF-32CF-4760-8C3E-7B5A964D919A}.Debug|Any CPU.ActiveCfg = Debug|Any CPU
		{BAA85FAF-32CF-4760-8C3E-7B5A964D919A}.Debug|Any CPU.Build.0 = Debug|Any CPU
		{BAA85FAF-32CF-4760-8C3E-7B5A964D919A}.Release|Any CPU.ActiveCfg = Release|Any CPU
		{BAA85FAF-32CF-4760-8C3E-7B5A964D919A}.Release|Any CPU.Build.0 = Release|Any CPU
	EndGlobalSection
	GlobalSection(SolutionProperties) = preSolution
		HideSolutionNode = FALSE
	EndGlobalSection
	GlobalSection(ExtensibilityGlobals) = postSolution
		SolutionGuid = {86878021-367B-4240-AF22-67BBB97D7E5C}
	EndGlobalSection
EndGlobal
